
Microsoft Visual Studio Solution File, Format Version 12.00
Project("{FAE04EC0-301F-11D3-BF4B-00C04F79EFBC}") = "SerwisSamochodowy", "SerwisSamochodowy\SerwisSamochodowy.csproj", "{0812AF7E-7D0F-48FF-BB13-F8BE05FEEFF4}"
EndProject
Global
	GlobalSection(SolutionConfigurationPlatforms) = preSolution
		Debug|Any CPU = Debug|Any CPU
		Release|Any CPU = Release|Any CPU
	EndGlobalSection
	GlobalSection(ProjectConfigurationPlatforms) = postSolution
		{0812AF7E-7D0F-48FF-BB13-F8BE05FEEFF4}.Debug|Any CPU.ActiveCfg = Debug|Any CPU
		{0812AF7E-7D0F-48FF-BB13-F8BE05FEEFF4}.Debug|Any CPU.Build.0 = Debug|Any CPU
		{0812AF7E-7D0F-48FF-BB13-F8BE05FEEFF4}.Release|Any CPU.ActiveCfg = Release|Any CPU
		{0812AF7E-7D0F-48FF-BB13-F8BE05FEEFF4}.Release|Any CPU.Build.0 = Release|Any CPU
	EndGlobalSection
EndGlobal
